
Microsoft Visual Studio Solution File, Format Version 12.00
# Visual Studio 2013
VisualStudioVersion = 12.0.31101.0
MinimumVisualStudioVersion = 10.0.40219.1
Project("{FAE04EC0-301F-11D3-BF4B-00C04F79EFBC}") = "WCF.Contrato", "WCF.Contrato\WCF.Contrato.csproj", "{217B79D1-F268-4262-A46F-5FEA5AF892CE}"
EndProject
Global
	GlobalSection(SolutionConfigurationPlatforms) = preSolution
		Debug|Any CPU = Debug|Any CPU
		Release|Any CPU = Release|Any CPU
	EndGlobalSection
	GlobalSection(ProjectConfigurationPlatforms) = postSolution
		{217B79D1-F268-4262-A46F-5FEA5AF892CE}.Debug|Any CPU.ActiveCfg = Debug|Any CPU
		{217B79D1-F268-4262-A46F-5FEA5AF892CE}.Debug|Any CPU.Build.0 = Debug|Any CPU
		{217B79D1-F268-4262-A46F-5FEA5AF892CE}.Release|Any CPU.ActiveCfg = Release|Any CPU
		{217B79D1-F268-4262-A46F-5FEA5AF892CE}.Release|Any CPU.Build.0 = Release|Any CPU
	EndGlobalSection
	GlobalSection(SolutionProperties) = preSolution
		HideSolutionNode = FALSE
	EndGlobalSection
EndGlobal
